
Microsoft Visual Studio Solution File, Format Version 12.00
# Visual Studio Version 16
VisualStudioVersion = 16.0.29911.84
MinimumVisualStudioVersion = 10.0.40219.1
Project("{FAE04EC0-301F-11D3-BF4B-00C04F79EFBC}") = "WPFToDo", "WPFToDo\WPFToDo.csproj", "{428C47C1-3F79-4C89-AEB0-0579CC96F408}"
EndProject
Project("{FAE04EC0-301F-11D3-BF4B-00C04F79EFBC}") = "DalToDo", "DalToDo\DalToDo.csproj", "{108C5328-2ED9-4ECC-8589-368053096ECD}"
EndProject
Global
	GlobalSection(SolutionConfigurationPlatforms) = preSolution
		Debug|Any CPU = Debug|Any CPU
		Release|Any CPU = Release|Any CPU
	EndGlobalSection
	GlobalSection(ProjectConfigurationPlatforms) = postSolution
		{428C47C1-3F79-4C89-AEB0-0579CC96F408}.Debug|Any CPU.ActiveCfg = Debug|Any CPU
		{428C47C1-3F79-4C89-AEB0-0579CC96F408}.Debug|Any CPU.Build.0 = Debug|Any CPU
		{428C47C1-3F79-4C89-AEB0-0579CC96F408}.Release|Any CPU.ActiveCfg = Release|Any CPU
		{428C47C1-3F79-4C89-AEB0-0579CC96F408}.Release|Any CPU.Build.0 = Release|Any CPU
		{108C5328-2ED9-4ECC-8589-368053096ECD}.Debug|Any CPU.ActiveCfg = Debug|Any CPU
		{108C5328-2ED9-4ECC-8589-368053096ECD}.Debug|Any CPU.Build.0 = Debug|Any CPU
		{108C5328-2ED9-4ECC-8589-368053096ECD}.Release|Any CPU.ActiveCfg = Release|Any CPU
		{108C5328-2ED9-4ECC-8589-368053096ECD}.Release|Any CPU.Build.0 = Release|Any CPU
	EndGlobalSection
	GlobalSection(SolutionProperties) = preSolution
		HideSolutionNode = FALSE
	EndGlobalSection
	GlobalSection(ExtensibilityGlobals) = postSolution
		SolutionGuid = {1210A244-74E6-4BD9-8494-58477739C8E5}
	EndGlobalSection
EndGlobal
